
Microsoft Visual Studio Solution File, Format Version 12.00
# Visual Studio 15
VisualStudioVersion = 15.0.26228.9
MinimumVisualStudioVersion = 10.0.40219.1
Project("{FAE04EC0-301F-11D3-BF4B-00C04F79EFBC}") = "CtINI", "CtINI\CtINI.csproj", "{023378C0-67E4-4424-AD75-13572F89E9A5}"
EndProject
Project("{FAE04EC0-301F-11D3-BF4B-00C04F79EFBC}") = "Demo", "CtTesting\Demo.csproj", "{3D5B539E-E99C-4920-B703-D2ADC8764E27}"
EndProject
Project("{FAE04EC0-301F-11D3-BF4B-00C04F79EFBC}") = "CtINITests", "CtINITests\CtINITests.csproj", "{27925A39-8614-43CF-A482-6D08BE2D0E8E}"
EndProject
Project("{FAE04EC0-301F-11D3-BF4B-00C04F79EFBC}") = "CtParamEditor.Comm", "CtParamEditor.Comm\CtParamEditor.Comm.csproj", "{4304D4B0-4172-4148-BECF-65210ED3C6C5}"
EndProject
Project("{FAE04EC0-301F-11D3-BF4B-00C04F79EFBC}") = "CtParamEditor.Core", "CtParamEditor.Core\CtParamEditor.Core.csproj", "{31B4923E-C9AD-4322-BCEB-F46B3ECDCFC6}"
EndProject
Project("{2150E333-8FDC-42A3-9474-1A3956D46DE8}") = "Component", "Component", "{32F0945C-4F5F-42E9-87AE-2B541500B231}"
EndProject
Project("{2150E333-8FDC-42A3-9474-1A3956D46DE8}") = "CtParamEditor", "CtParamEditor", "{6E633221-3D40-41E6-9BA1-FA42CA7E7847}"
EndProject
Project("{2150E333-8FDC-42A3-9474-1A3956D46DE8}") = "UnitTest", "UnitTest", "{84A17A36-7FAC-4B4C-88FC-B15F11E3523D}"
EndProject
Project("{2150E333-8FDC-42A3-9474-1A3956D46DE8}") = "Main", "Main", "{0D6A53AB-98DA-43A5-9F05-C715E1FFFE58}"
EndProject
Project("{FAE04EC0-301F-11D3-BF4B-00C04F79EFBC}") = "CtGenericParser", "CtGenericParser\CtGenericParser.csproj", "{E524A598-0BE5-4957-889D-CE738FAD378E}"
EndProject
Project("{FAE04EC0-301F-11D3-BF4B-00C04F79EFBC}") = "DataGridViewRichTextBox", "DataGridViewRichTextBox\DataGridViewRichTextBox.csproj", "{D9826CC9-BF43-4B72-A211-19E312E8C184}"
EndProject
Project("{FAE04EC0-301F-11D3-BF4B-00C04F79EFBC}") = "CtLib", "..\CtLib\CtLib\CtLib.csproj", "{A9BED8B3-2F9D-42A8-90BD-9FAE0522EB09}"
EndProject
Global
	GlobalSection(SolutionConfigurationPlatforms) = preSolution
		Debug|Any CPU = Debug|Any CPU
		Release|Any CPU = Release|Any CPU
	EndGlobalSection
	GlobalSection(ProjectConfigurationPlatforms) = postSolution
		{023378C0-67E4-4424-AD75-13572F89E9A5}.Debug|Any CPU.ActiveCfg = Debug|Any CPU
		{023378C0-67E4-4424-AD75-13572F89E9A5}.Debug|Any CPU.Build.0 = Debug|Any CPU
		{023378C0-67E4-4424-AD75-13572F89E9A5}.Release|Any CPU.ActiveCfg = Release|Any CPU
		{023378C0-67E4-4424-AD75-13572F89E9A5}.Release|Any CPU.Build.0 = Release|Any CPU
		{3D5B539E-E99C-4920-B703-D2ADC8764E27}.Debug|Any CPU.ActiveCfg = Debug|Any CPU
		{3D5B539E-E99C-4920-B703-D2ADC8764E27}.Debug|Any CPU.Build.0 = Debug|Any CPU
		{3D5B539E-E99C-4920-B703-D2ADC8764E27}.Release|Any CPU.ActiveCfg = Release|Any CPU
		{3D5B539E-E99C-4920-B703-D2ADC8764E27}.Release|Any CPU.Build.0 = Release|Any CPU
		{27925A39-8614-43CF-A482-6D08BE2D0E8E}.Debug|Any CPU.ActiveCfg = Debug|Any CPU
		{27925A39-8614-43CF-A482-6D08BE2D0E8E}.Debug|Any CPU.Build.0 = Debug|Any CPU
		{27925A39-8614-43CF-A482-6D08BE2D0E8E}.Release|Any CPU.ActiveCfg = Release|Any CPU
		{27925A39-8614-43CF-A482-6D08BE2D0E8E}.Release|Any CPU.Build.0 = Release|Any CPU
		{4304D4B0-4172-4148-BECF-65210ED3C6C5}.Debug|Any CPU.ActiveCfg = Debug|Any CPU
		{4304D4B0-4172-4148-BECF-65210ED3C6C5}.Debug|Any CPU.Build.0 = Debug|Any CPU
		{4304D4B0-4172-4148-BECF-65210ED3C6C5}.Release|Any CPU.ActiveCfg = Release|Any CPU
		{4304D4B0-4172-4148-BECF-65210ED3C6C5}.Release|Any CPU.Build.0 = Release|Any CPU
		{31B4923E-C9AD-4322-BCEB-F46B3ECDCFC6}.Debug|Any CPU.ActiveCfg = Debug|Any CPU
		{31B4923E-C9AD-4322-BCEB-F46B3ECDCFC6}.Debug|Any CPU.Build.0 = Debug|Any CPU
		{31B4923E-C9AD-4322-BCEB-F46B3ECDCFC6}.Release|Any CPU.ActiveCfg = Release|Any CPU
		{31B4923E-C9AD-4322-BCEB-F46B3ECDCFC6}.Release|Any CPU.Build.0 = Release|Any CPU
		{E524A598-0BE5-4957-889D-CE738FAD378E}.Debug|Any CPU.ActiveCfg = Debug|Any CPU
		{E524A598-0BE5-4957-889D-CE738FAD378E}.Debug|Any CPU.Build.0 = Debug|Any CPU
		{E524A598-0BE5-4957-889D-CE738FAD378E}.Release|Any CPU.ActiveCfg = Release|Any CPU
		{E524A598-0BE5-4957-889D-CE738FAD378E}.Release|Any CPU.Build.0 = Release|Any CPU
		{D9826CC9-BF43-4B72-A211-19E312E8C184}.Debug|Any CPU.ActiveCfg = Debug|Any CPU
		{D9826CC9-BF43-4B72-A211-19E312E8C184}.Debug|Any CPU.Build.0 = Debug|Any CPU
		{D9826CC9-BF43-4B72-A211-19E312E8C184}.Release|Any CPU.ActiveCfg = Release|Any CPU
		{D9826CC9-BF43-4B72-A211-19E312E8C184}.Release|Any CPU.Build.0 = Release|Any CPU
		{A9BED8B3-2F9D-42A8-90BD-9FAE0522EB09}.Debug|Any CPU.ActiveCfg = Debug|Any CPU
		{A9BED8B3-2F9D-42A8-90BD-9FAE0522EB09}.Debug|Any CPU.Build.0 = Debug|Any CPU
		{A9BED8B3-2F9D-42A8-90BD-9FAE0522EB09}.Release|Any CPU.ActiveCfg = Release|Any CPU
		{A9BED8B3-2F9D-42A8-90BD-9FAE0522EB09}.Release|Any CPU.Build.0 = Release|Any CPU
	EndGlobalSection
	GlobalSection(SolutionProperties) = preSolution
		HideSolutionNode = FALSE
	EndGlobalSection
	GlobalSection(NestedProjects) = preSolution
		{023378C0-67E4-4424-AD75-13572F89E9A5} = {32F0945C-4F5F-42E9-87AE-2B541500B231}
		{3D5B539E-E99C-4920-B703-D2ADC8764E27} = {0D6A53AB-98DA-43A5-9F05-C715E1FFFE58}
		{27925A39-8614-43CF-A482-6D08BE2D0E8E} = {84A17A36-7FAC-4B4C-88FC-B15F11E3523D}
		{4304D4B0-4172-4148-BECF-65210ED3C6C5} = {6E633221-3D40-41E6-9BA1-FA42CA7E7847}
		{31B4923E-C9AD-4322-BCEB-F46B3ECDCFC6} = {6E633221-3D40-41E6-9BA1-FA42CA7E7847}
		{6E633221-3D40-41E6-9BA1-FA42CA7E7847} = {32F0945C-4F5F-42E9-87AE-2B541500B231}
		{E524A598-0BE5-4957-889D-CE738FAD378E} = {32F0945C-4F5F-42E9-87AE-2B541500B231}
		{D9826CC9-BF43-4B72-A211-19E312E8C184} = {32F0945C-4F5F-42E9-87AE-2B541500B231}
		{A9BED8B3-2F9D-42A8-90BD-9FAE0522EB09} = {32F0945C-4F5F-42E9-87AE-2B541500B231}
	EndGlobalSection
EndGlobal
