
Microsoft Visual Studio Solution File, Format Version 12.00
# Visual Studio 15
VisualStudioVersion = 15.0.26228.9
MinimumVisualStudioVersion = 10.0.40219.1
Project("{FAE04EC0-301F-11D3-BF4B-00C04F79EFBC}") = "VehiclePlanner", "ClientUI\VehiclePlanner.csproj", "{E03A4197-BA64-4EED-A628-8DE3B8B9BA9A}"
EndProject
Project("{FAE04EC0-301F-11D3-BF4B-00C04F79EFBC}") = "CtLib", "CtLib\CtLib\CtLib.csproj", "{A9BED8B3-2F9D-42A8-90BD-9FAE0522EB09}"
EndProject
Project("{2150E333-8FDC-42A3-9474-1A3956D46DE8}") = "Solution Items", "Solution Items", "{FBC41B31-1A35-4A36-90E0-A4E4075AEF67}"
EndProject
Project("{2150E333-8FDC-42A3-9474-1A3956D46DE8}") = "Extention", "Extention", "{0199C7DF-D0CC-4BC8-A595-51D7E4019281}"
EndProject
Project("{2150E333-8FDC-42A3-9474-1A3956D46DE8}") = "LiteLibery", "LiteLibery", "{6B3E4273-8D86-4C89-97DC-938A5B992B26}"
EndProject
Project("{FAE04EC0-301F-11D3-BF4B-00C04F79EFBC}") = "NetExtention", "..\AGVBase\NetExtention\NetExtention.csproj", "{CFCC1D01-FD8D-4885-9181-7C6750395D84}"
EndProject
Project("{2150E333-8FDC-42A3-9474-1A3956D46DE8}") = "SharpGL", "SharpGL", "{9812137A-161E-408C-962C-CE2850160EBA}"
EndProject
Project("{FAE04EC0-301F-11D3-BF4B-00C04F79EFBC}") = "GLCore", "..\AGVBase\GLCore\GLCore.csproj", "{805B8702-0FAC-4104-8F41-5337130CA0C6}"
EndProject
Project("{FAE04EC0-301F-11D3-BF4B-00C04F79EFBC}") = "Geometry", "..\AGVBase\Geometry\Geometry.csproj", "{07E11B21-0D87-4446-8EE8-91135DCAE089}"
EndProject
Project("{FAE04EC0-301F-11D3-BF4B-00C04F79EFBC}") = "SerialCommunication", "..\AGVBase\SerialCommunication\SerialCommunication.csproj", "{2E90A64E-9A09-4950-8B65-AEDD47F8F6D4}"
EndProject
Project("{FAE04EC0-301F-11D3-BF4B-00C04F79EFBC}") = "SerialCommunicationData", "..\AGVBase\SerialCommunicationData\SerialCommunicationData.csproj", "{7EAFE444-E185-4D5E-ACFE-65C7E1016425}"
EndProject
Project("{FAE04EC0-301F-11D3-BF4B-00C04F79EFBC}") = "NetFunction", "..\AGVBase\NetFunction\NetFunction.csproj", "{853B5EA0-8387-49AA-B37B-9FA1DD24A72A}"
EndProject
Project("{FAE04EC0-301F-11D3-BF4B-00C04F79EFBC}") = "FactoryMode", "..\AGVBase\FactoryMode\FactoryMode.csproj", "{B66DD409-3BF6-488D-B887-D00A59C6396D}"
EndProject
Project("{FAE04EC0-301F-11D3-BF4B-00C04F79EFBC}") = "GLUI", "..\AGVBase\GLUI\GLUI.csproj", "{D2E7804D-ADE5-4C82-AE04-8F505D04711A}"
EndProject
Project("{FAE04EC0-301F-11D3-BF4B-00C04F79EFBC}") = "CtOutLookBar", "CtOutLookBar\CtOutLookBar.csproj", "{1BEA4F2D-0A48-4A1C-AFF2-0B44EFA08442}"
EndProject
Project("{FAE04EC0-301F-11D3-BF4B-00C04F79EFBC}") = "AGVDefine", "..\AGVBase\AGVDefine\AGVDefine.csproj", "{51E35835-6673-443B-8926-9AD3117DBCE2}"
EndProject
Project("{FAE04EC0-301F-11D3-BF4B-00C04F79EFBC}") = "DiscriptExtention", "..\AGVBase\DiscriptExtention\DiscriptExtention.csproj", "{6F51946D-DC9E-4A62-98DD-6A4E6401DD20}"
EndProject
Project("{FAE04EC0-301F-11D3-BF4B-00C04F79EFBC}") = "Broadcast", "BroadCast\Broadcast.csproj", "{10D930FD-CE9C-46FA-AA1E-FB8394BA287F}"
EndProject
Project("{FAE04EC0-301F-11D3-BF4B-00C04F79EFBC}") = "VehiclePlanner.Core", "VehiclePlanner.Core\VehiclePlanner.Core.csproj", "{03034D39-18C7-449A-95D3-B941DC4DF743}"
EndProject
Project("{FAE04EC0-301F-11D3-BF4B-00C04F79EFBC}") = "CtBind", "CtBind\CtBind.csproj", "{76EF08F5-B0DE-40AD-B468-15DC8908706B}"
EndProject
Project("{FAE04EC0-301F-11D3-BF4B-00C04F79EFBC}") = "CtDockSuit", "CtDockSuit\CtDockSuit.csproj", "{BF4496A5-452D-44B2-AA68-D17FE68C45A3}"
EndProject
Global
	GlobalSection(SolutionConfigurationPlatforms) = preSolution
		Debug|Any CPU = Debug|Any CPU
		Debug|x86 = Debug|x86
		Release|Any CPU = Release|Any CPU
		Release|x86 = Release|x86
	EndGlobalSection
	GlobalSection(ProjectConfigurationPlatforms) = postSolution
		{E03A4197-BA64-4EED-A628-8DE3B8B9BA9A}.Debug|Any CPU.ActiveCfg = Debug|Any CPU
		{E03A4197-BA64-4EED-A628-8DE3B8B9BA9A}.Debug|Any CPU.Build.0 = Debug|Any CPU
		{E03A4197-BA64-4EED-A628-8DE3B8B9BA9A}.Debug|x86.ActiveCfg = Debug|Any CPU
		{E03A4197-BA64-4EED-A628-8DE3B8B9BA9A}.Debug|x86.Build.0 = Debug|Any CPU
		{E03A4197-BA64-4EED-A628-8DE3B8B9BA9A}.Release|Any CPU.ActiveCfg = Release|Any CPU
		{E03A4197-BA64-4EED-A628-8DE3B8B9BA9A}.Release|Any CPU.Build.0 = Release|Any CPU
		{E03A4197-BA64-4EED-A628-8DE3B8B9BA9A}.Release|x86.ActiveCfg = Release|Any CPU
		{E03A4197-BA64-4EED-A628-8DE3B8B9BA9A}.Release|x86.Build.0 = Release|Any CPU
		{A9BED8B3-2F9D-42A8-90BD-9FAE0522EB09}.Debug|Any CPU.ActiveCfg = Debug|Any CPU
		{A9BED8B3-2F9D-42A8-90BD-9FAE0522EB09}.Debug|Any CPU.Build.0 = Debug|Any CPU
		{A9BED8B3-2F9D-42A8-90BD-9FAE0522EB09}.Debug|x86.ActiveCfg = Debug|Any CPU
		{A9BED8B3-2F9D-42A8-90BD-9FAE0522EB09}.Debug|x86.Build.0 = Debug|Any CPU
		{A9BED8B3-2F9D-42A8-90BD-9FAE0522EB09}.Release|Any CPU.ActiveCfg = Release|Any CPU
		{A9BED8B3-2F9D-42A8-90BD-9FAE0522EB09}.Release|Any CPU.Build.0 = Release|Any CPU
		{A9BED8B3-2F9D-42A8-90BD-9FAE0522EB09}.Release|x86.ActiveCfg = Release|Any CPU
		{A9BED8B3-2F9D-42A8-90BD-9FAE0522EB09}.Release|x86.Build.0 = Release|Any CPU
		{CFCC1D01-FD8D-4885-9181-7C6750395D84}.Debug|Any CPU.ActiveCfg = Debug|Any CPU
		{CFCC1D01-FD8D-4885-9181-7C6750395D84}.Debug|Any CPU.Build.0 = Debug|Any CPU
		{CFCC1D01-FD8D-4885-9181-7C6750395D84}.Debug|x86.ActiveCfg = Debug|Any CPU
		{CFCC1D01-FD8D-4885-9181-7C6750395D84}.Debug|x86.Build.0 = Debug|Any CPU
		{CFCC1D01-FD8D-4885-9181-7C6750395D84}.Release|Any CPU.ActiveCfg = Release|Any CPU
		{CFCC1D01-FD8D-4885-9181-7C6750395D84}.Release|Any CPU.Build.0 = Release|Any CPU
		{CFCC1D01-FD8D-4885-9181-7C6750395D84}.Release|x86.ActiveCfg = Release|Any CPU
		{CFCC1D01-FD8D-4885-9181-7C6750395D84}.Release|x86.Build.0 = Release|Any CPU
		{805B8702-0FAC-4104-8F41-5337130CA0C6}.Debug|Any CPU.ActiveCfg = Debug|Any CPU
		{805B8702-0FAC-4104-8F41-5337130CA0C6}.Debug|Any CPU.Build.0 = Debug|Any CPU
		{805B8702-0FAC-4104-8F41-5337130CA0C6}.Debug|x86.ActiveCfg = Debug|Any CPU
		{805B8702-0FAC-4104-8F41-5337130CA0C6}.Debug|x86.Build.0 = Debug|Any CPU
		{805B8702-0FAC-4104-8F41-5337130CA0C6}.Release|Any CPU.ActiveCfg = Release|Any CPU
		{805B8702-0FAC-4104-8F41-5337130CA0C6}.Release|Any CPU.Build.0 = Release|Any CPU
		{805B8702-0FAC-4104-8F41-5337130CA0C6}.Release|x86.ActiveCfg = Release|Any CPU
		{805B8702-0FAC-4104-8F41-5337130CA0C6}.Release|x86.Build.0 = Release|Any CPU
		{07E11B21-0D87-4446-8EE8-91135DCAE089}.Debug|Any CPU.ActiveCfg = Debug|Any CPU
		{07E11B21-0D87-4446-8EE8-91135DCAE089}.Debug|Any CPU.Build.0 = Debug|Any CPU
		{07E11B21-0D87-4446-8EE8-91135DCAE089}.Debug|x86.ActiveCfg = Debug|Any CPU
		{07E11B21-0D87-4446-8EE8-91135DCAE089}.Release|Any CPU.ActiveCfg = Release|Any CPU
		{07E11B21-0D87-4446-8EE8-91135DCAE089}.Release|Any CPU.Build.0 = Release|Any CPU
		{07E11B21-0D87-4446-8EE8-91135DCAE089}.Release|x86.ActiveCfg = Release|Any CPU
		{07E11B21-0D87-4446-8EE8-91135DCAE089}.Release|x86.Build.0 = Release|Any CPU
		{2E90A64E-9A09-4950-8B65-AEDD47F8F6D4}.Debug|Any CPU.ActiveCfg = Debug|Any CPU
		{2E90A64E-9A09-4950-8B65-AEDD47F8F6D4}.Debug|Any CPU.Build.0 = Debug|Any CPU
		{2E90A64E-9A09-4950-8B65-AEDD47F8F6D4}.Debug|x86.ActiveCfg = Debug|Any CPU
		{2E90A64E-9A09-4950-8B65-AEDD47F8F6D4}.Release|Any CPU.ActiveCfg = Release|Any CPU
		{2E90A64E-9A09-4950-8B65-AEDD47F8F6D4}.Release|Any CPU.Build.0 = Release|Any CPU
		{2E90A64E-9A09-4950-8B65-AEDD47F8F6D4}.Release|x86.ActiveCfg = Release|Any CPU
		{2E90A64E-9A09-4950-8B65-AEDD47F8F6D4}.Release|x86.Build.0 = Release|Any CPU
		{7EAFE444-E185-4D5E-ACFE-65C7E1016425}.Debug|Any CPU.ActiveCfg = Debug|Any CPU
		{7EAFE444-E185-4D5E-ACFE-65C7E1016425}.Debug|Any CPU.Build.0 = Debug|Any CPU
		{7EAFE444-E185-4D5E-ACFE-65C7E1016425}.Debug|x86.ActiveCfg = Debug|Any CPU
		{7EAFE444-E185-4D5E-ACFE-65C7E1016425}.Release|Any CPU.ActiveCfg = Release|Any CPU
		{7EAFE444-E185-4D5E-ACFE-65C7E1016425}.Release|Any CPU.Build.0 = Release|Any CPU
		{7EAFE444-E185-4D5E-ACFE-65C7E1016425}.Release|x86.ActiveCfg = Release|Any CPU
		{7EAFE444-E185-4D5E-ACFE-65C7E1016425}.Release|x86.Build.0 = Release|Any CPU
		{853B5EA0-8387-49AA-B37B-9FA1DD24A72A}.Debug|Any CPU.ActiveCfg = Debug|Any CPU
		{853B5EA0-8387-49AA-B37B-9FA1DD24A72A}.Debug|Any CPU.Build.0 = Debug|Any CPU
		{853B5EA0-8387-49AA-B37B-9FA1DD24A72A}.Debug|x86.ActiveCfg = Debug|Any CPU
		{853B5EA0-8387-49AA-B37B-9FA1DD24A72A}.Release|Any CPU.ActiveCfg = Release|Any CPU
		{853B5EA0-8387-49AA-B37B-9FA1DD24A72A}.Release|Any CPU.Build.0 = Release|Any CPU
		{853B5EA0-8387-49AA-B37B-9FA1DD24A72A}.Release|x86.ActiveCfg = Release|Any CPU
		{853B5EA0-8387-49AA-B37B-9FA1DD24A72A}.Release|x86.Build.0 = Release|Any CPU
		{B66DD409-3BF6-488D-B887-D00A59C6396D}.Debug|Any CPU.ActiveCfg = Debug|Any CPU
		{B66DD409-3BF6-488D-B887-D00A59C6396D}.Debug|Any CPU.Build.0 = Debug|Any CPU
		{B66DD409-3BF6-488D-B887-D00A59C6396D}.Debug|x86.ActiveCfg = Debug|Any CPU
		{B66DD409-3BF6-488D-B887-D00A59C6396D}.Release|Any CPU.ActiveCfg = Release|Any CPU
		{B66DD409-3BF6-488D-B887-D00A59C6396D}.Release|Any CPU.Build.0 = Release|Any CPU
		{B66DD409-3BF6-488D-B887-D00A59C6396D}.Release|x86.ActiveCfg = Release|Any CPU
		{B66DD409-3BF6-488D-B887-D00A59C6396D}.Release|x86.Build.0 = Release|Any CPU
		{D2E7804D-ADE5-4C82-AE04-8F505D04711A}.Debug|Any CPU.ActiveCfg = Debug|Any CPU
		{D2E7804D-ADE5-4C82-AE04-8F505D04711A}.Debug|Any CPU.Build.0 = Debug|Any CPU
		{D2E7804D-ADE5-4C82-AE04-8F505D04711A}.Debug|x86.ActiveCfg = Debug|Any CPU
		{D2E7804D-ADE5-4C82-AE04-8F505D04711A}.Debug|x86.Build.0 = Debug|Any CPU
		{D2E7804D-ADE5-4C82-AE04-8F505D04711A}.Release|Any CPU.ActiveCfg = Release|Any CPU
		{D2E7804D-ADE5-4C82-AE04-8F505D04711A}.Release|Any CPU.Build.0 = Release|Any CPU
		{D2E7804D-ADE5-4C82-AE04-8F505D04711A}.Release|x86.ActiveCfg = Release|Any CPU
		{D2E7804D-ADE5-4C82-AE04-8F505D04711A}.Release|x86.Build.0 = Release|Any CPU
		{1BEA4F2D-0A48-4A1C-AFF2-0B44EFA08442}.Debug|Any CPU.ActiveCfg = Debug|Any CPU
		{1BEA4F2D-0A48-4A1C-AFF2-0B44EFA08442}.Debug|Any CPU.Build.0 = Debug|Any CPU
		{1BEA4F2D-0A48-4A1C-AFF2-0B44EFA08442}.Debug|x86.ActiveCfg = Debug|Any CPU
		{1BEA4F2D-0A48-4A1C-AFF2-0B44EFA08442}.Debug|x86.Build.0 = Debug|Any CPU
		{1BEA4F2D-0A48-4A1C-AFF2-0B44EFA08442}.Release|Any CPU.ActiveCfg = Release|Any CPU
		{1BEA4F2D-0A48-4A1C-AFF2-0B44EFA08442}.Release|Any CPU.Build.0 = Release|Any CPU
		{1BEA4F2D-0A48-4A1C-AFF2-0B44EFA08442}.Release|x86.ActiveCfg = Release|Any CPU
		{1BEA4F2D-0A48-4A1C-AFF2-0B44EFA08442}.Release|x86.Build.0 = Release|Any CPU
		{51E35835-6673-443B-8926-9AD3117DBCE2}.Debug|Any CPU.ActiveCfg = Debug|Any CPU
		{51E35835-6673-443B-8926-9AD3117DBCE2}.Debug|Any CPU.Build.0 = Debug|Any CPU
		{51E35835-6673-443B-8926-9AD3117DBCE2}.Debug|x86.ActiveCfg = Debug|Any CPU
		{51E35835-6673-443B-8926-9AD3117DBCE2}.Debug|x86.Build.0 = Debug|Any CPU
		{51E35835-6673-443B-8926-9AD3117DBCE2}.Release|Any CPU.ActiveCfg = Release|Any CPU
		{51E35835-6673-443B-8926-9AD3117DBCE2}.Release|Any CPU.Build.0 = Release|Any CPU
		{51E35835-6673-443B-8926-9AD3117DBCE2}.Release|x86.ActiveCfg = Release|Any CPU
		{51E35835-6673-443B-8926-9AD3117DBCE2}.Release|x86.Build.0 = Release|Any CPU
		{6F51946D-DC9E-4A62-98DD-6A4E6401DD20}.Debug|Any CPU.ActiveCfg = Debug|Any CPU
		{6F51946D-DC9E-4A62-98DD-6A4E6401DD20}.Debug|Any CPU.Build.0 = Debug|Any CPU
		{6F51946D-DC9E-4A62-98DD-6A4E6401DD20}.Debug|x86.ActiveCfg = Debug|Any CPU
		{6F51946D-DC9E-4A62-98DD-6A4E6401DD20}.Debug|x86.Build.0 = Debug|Any CPU
		{6F51946D-DC9E-4A62-98DD-6A4E6401DD20}.Release|Any CPU.ActiveCfg = Release|Any CPU
		{6F51946D-DC9E-4A62-98DD-6A4E6401DD20}.Release|Any CPU.Build.0 = Release|Any CPU
		{6F51946D-DC9E-4A62-98DD-6A4E6401DD20}.Release|x86.ActiveCfg = Release|Any CPU
		{6F51946D-DC9E-4A62-98DD-6A4E6401DD20}.Release|x86.Build.0 = Release|Any CPU
		{10D930FD-CE9C-46FA-AA1E-FB8394BA287F}.Debug|Any CPU.ActiveCfg = Debug|Any CPU
		{10D930FD-CE9C-46FA-AA1E-FB8394BA287F}.Debug|Any CPU.Build.0 = Debug|Any CPU
		{10D930FD-CE9C-46FA-AA1E-FB8394BA287F}.Debug|x86.ActiveCfg = Debug|Any CPU
		{10D930FD-CE9C-46FA-AA1E-FB8394BA287F}.Debug|x86.Build.0 = Debug|Any CPU
		{10D930FD-CE9C-46FA-AA1E-FB8394BA287F}.Release|Any CPU.ActiveCfg = Release|Any CPU
		{10D930FD-CE9C-46FA-AA1E-FB8394BA287F}.Release|Any CPU.Build.0 = Release|Any CPU
		{10D930FD-CE9C-46FA-AA1E-FB8394BA287F}.Release|x86.ActiveCfg = Release|Any CPU
		{10D930FD-CE9C-46FA-AA1E-FB8394BA287F}.Release|x86.Build.0 = Release|Any CPU
		{03034D39-18C7-449A-95D3-B941DC4DF743}.Debug|Any CPU.ActiveCfg = Debug|Any CPU
		{03034D39-18C7-449A-95D3-B941DC4DF743}.Debug|Any CPU.Build.0 = Debug|Any CPU
		{03034D39-18C7-449A-95D3-B941DC4DF743}.Debug|x86.ActiveCfg = Debug|Any CPU
		{03034D39-18C7-449A-95D3-B941DC4DF743}.Debug|x86.Build.0 = Debug|Any CPU
		{03034D39-18C7-449A-95D3-B941DC4DF743}.Release|Any CPU.ActiveCfg = Release|Any CPU
		{03034D39-18C7-449A-95D3-B941DC4DF743}.Release|Any CPU.Build.0 = Release|Any CPU
		{03034D39-18C7-449A-95D3-B941DC4DF743}.Release|x86.ActiveCfg = Release|Any CPU
		{03034D39-18C7-449A-95D3-B941DC4DF743}.Release|x86.Build.0 = Release|Any CPU
		{76EF08F5-B0DE-40AD-B468-15DC8908706B}.Debug|Any CPU.ActiveCfg = Debug|Any CPU
		{76EF08F5-B0DE-40AD-B468-15DC8908706B}.Debug|Any CPU.Build.0 = Debug|Any CPU
		{76EF08F5-B0DE-40AD-B468-15DC8908706B}.Debug|x86.ActiveCfg = Debug|Any CPU
		{76EF08F5-B0DE-40AD-B468-15DC8908706B}.Debug|x86.Build.0 = Debug|Any CPU
		{76EF08F5-B0DE-40AD-B468-15DC8908706B}.Release|Any CPU.ActiveCfg = Release|Any CPU
		{76EF08F5-B0DE-40AD-B468-15DC8908706B}.Release|Any CPU.Build.0 = Release|Any CPU
		{76EF08F5-B0DE-40AD-B468-15DC8908706B}.Release|x86.ActiveCfg = Release|Any CPU
		{76EF08F5-B0DE-40AD-B468-15DC8908706B}.Release|x86.Build.0 = Release|Any CPU
		{BF4496A5-452D-44B2-AA68-D17FE68C45A3}.Debug|Any CPU.ActiveCfg = Debug|Any CPU
		{BF4496A5-452D-44B2-AA68-D17FE68C45A3}.Debug|Any CPU.Build.0 = Debug|Any CPU
		{BF4496A5-452D-44B2-AA68-D17FE68C45A3}.Debug|x86.ActiveCfg = Debug|Any CPU
		{BF4496A5-452D-44B2-AA68-D17FE68C45A3}.Debug|x86.Build.0 = Debug|Any CPU
		{BF4496A5-452D-44B2-AA68-D17FE68C45A3}.Release|Any CPU.ActiveCfg = Release|Any CPU
		{BF4496A5-452D-44B2-AA68-D17FE68C45A3}.Release|Any CPU.Build.0 = Release|Any CPU
		{BF4496A5-452D-44B2-AA68-D17FE68C45A3}.Release|x86.ActiveCfg = Release|Any CPU
		{BF4496A5-452D-44B2-AA68-D17FE68C45A3}.Release|x86.Build.0 = Release|Any CPU
	EndGlobalSection
	GlobalSection(SolutionProperties) = preSolution
		HideSolutionNode = FALSE
	EndGlobalSection
	GlobalSection(NestedProjects) = preSolution
		{6B3E4273-8D86-4C89-97DC-938A5B992B26} = {0199C7DF-D0CC-4BC8-A595-51D7E4019281}
		{CFCC1D01-FD8D-4885-9181-7C6750395D84} = {6B3E4273-8D86-4C89-97DC-938A5B992B26}
		{9812137A-161E-408C-962C-CE2850160EBA} = {0199C7DF-D0CC-4BC8-A595-51D7E4019281}
		{805B8702-0FAC-4104-8F41-5337130CA0C6} = {9812137A-161E-408C-962C-CE2850160EBA}
		{07E11B21-0D87-4446-8EE8-91135DCAE089} = {6B3E4273-8D86-4C89-97DC-938A5B992B26}
		{2E90A64E-9A09-4950-8B65-AEDD47F8F6D4} = {6B3E4273-8D86-4C89-97DC-938A5B992B26}
		{7EAFE444-E185-4D5E-ACFE-65C7E1016425} = {6B3E4273-8D86-4C89-97DC-938A5B992B26}
		{853B5EA0-8387-49AA-B37B-9FA1DD24A72A} = {6B3E4273-8D86-4C89-97DC-938A5B992B26}
		{B66DD409-3BF6-488D-B887-D00A59C6396D} = {6B3E4273-8D86-4C89-97DC-938A5B992B26}
		{D2E7804D-ADE5-4C82-AE04-8F505D04711A} = {9812137A-161E-408C-962C-CE2850160EBA}
		{6F51946D-DC9E-4A62-98DD-6A4E6401DD20} = {6B3E4273-8D86-4C89-97DC-938A5B992B26}
	EndGlobalSection
EndGlobal
