
Microsoft Visual Studio Solution File, Format Version 12.00
# Visual Studio 14
VisualStudioVersion = 14.0.25420.1
MinimumVisualStudioVersion = 10.0.40219.1
Project("{FAE04EC0-301F-11D3-BF4B-00C04F79EFBC}") = "CAMPro", "CAMPro\CAMPro.csproj", "{02418DBE-2F04-41E4-B00E-BA0AF5D48560}"
EndProject
Project("{FAE04EC0-301F-11D3-BF4B-00C04F79EFBC}") = "AGVMath", "AGVMath\AGVMath.csproj", "{68C119FE-7CF4-4828-8745-D9558ACD7FAB}"
EndProject
Project("{FAE04EC0-301F-11D3-BF4B-00C04F79EFBC}") = "ClientUI", "ClientUI\ClientUI.csproj", "{E03A4197-BA64-4EED-A628-8DE3B8B9BA9A}"
EndProject
Project("{FAE04EC0-301F-11D3-BF4B-00C04F79EFBC}") = "CtLib", "CtLib\CtLib\CtLib.csproj", "{A9BED8B3-2F9D-42A8-90BD-9FAE0522EB09}"
EndProject
Project("{FAE04EC0-301F-11D3-BF4B-00C04F79EFBC}") = "KDTree", "KDTree\KDTree.csproj", "{33A00A90-C02E-474B-A8C0-3B0559873EA0}"
EndProject
Project("{FAE04EC0-301F-11D3-BF4B-00C04F79EFBC}") = "MapGL", "MapGL\MapGL\MapGL.csproj", "{0BFA090D-32E9-4AFB-A4A0-7A5D24095D10}"
EndProject
Project("{FAE04EC0-301F-11D3-BF4B-00C04F79EFBC}") = "MapProcessing", "MapInfo\MapProcessing.csproj", "{C33505BD-7481-44D1-9CFC-193BB3F9D92F}"
EndProject
Project("{FAE04EC0-301F-11D3-BF4B-00C04F79EFBC}") = "ServerOperation", "ServerOperation\ServerOperation.csproj", "{0B608AD1-FCE4-4D20-BD57-ADE3E8F48661}"
EndProject
Project("{FAE04EC0-301F-11D3-BF4B-00C04F79EFBC}") = "AGVMapUI", "AGVMapUI\AGVMapUI.csproj", "{9051904F-D391-4C48-B1E4-1112CB0AF23F}"
EndProject
Global
	GlobalSection(SolutionConfigurationPlatforms) = preSolution
		Debug|Any CPU = Debug|Any CPU
		Debug|x86 = Debug|x86
		Release|Any CPU = Release|Any CPU
		Release|x86 = Release|x86
	EndGlobalSection
	GlobalSection(ProjectConfigurationPlatforms) = postSolution
		{02418DBE-2F04-41E4-B00E-BA0AF5D48560}.Debug|Any CPU.ActiveCfg = Debug|Any CPU
		{02418DBE-2F04-41E4-B00E-BA0AF5D48560}.Debug|Any CPU.Build.0 = Debug|Any CPU
		{02418DBE-2F04-41E4-B00E-BA0AF5D48560}.Debug|x86.ActiveCfg = Debug|Any CPU
		{02418DBE-2F04-41E4-B00E-BA0AF5D48560}.Debug|x86.Build.0 = Debug|Any CPU
		{02418DBE-2F04-41E4-B00E-BA0AF5D48560}.Release|Any CPU.ActiveCfg = Release|Any CPU
		{02418DBE-2F04-41E4-B00E-BA0AF5D48560}.Release|Any CPU.Build.0 = Release|Any CPU
		{02418DBE-2F04-41E4-B00E-BA0AF5D48560}.Release|x86.ActiveCfg = Release|Any CPU
		{02418DBE-2F04-41E4-B00E-BA0AF5D48560}.Release|x86.Build.0 = Release|Any CPU
		{68C119FE-7CF4-4828-8745-D9558ACD7FAB}.Debug|Any CPU.ActiveCfg = Debug|Any CPU
		{68C119FE-7CF4-4828-8745-D9558ACD7FAB}.Debug|Any CPU.Build.0 = Debug|Any CPU
		{68C119FE-7CF4-4828-8745-D9558ACD7FAB}.Debug|x86.ActiveCfg = Debug|Any CPU
		{68C119FE-7CF4-4828-8745-D9558ACD7FAB}.Debug|x86.Build.0 = Debug|Any CPU
		{68C119FE-7CF4-4828-8745-D9558ACD7FAB}.Release|Any CPU.ActiveCfg = Release|Any CPU
		{68C119FE-7CF4-4828-8745-D9558ACD7FAB}.Release|Any CPU.Build.0 = Release|Any CPU
		{68C119FE-7CF4-4828-8745-D9558ACD7FAB}.Release|x86.ActiveCfg = Release|Any CPU
		{68C119FE-7CF4-4828-8745-D9558ACD7FAB}.Release|x86.Build.0 = Release|Any CPU
		{E03A4197-BA64-4EED-A628-8DE3B8B9BA9A}.Debug|Any CPU.ActiveCfg = Debug|Any CPU
		{E03A4197-BA64-4EED-A628-8DE3B8B9BA9A}.Debug|Any CPU.Build.0 = Debug|Any CPU
		{E03A4197-BA64-4EED-A628-8DE3B8B9BA9A}.Debug|x86.ActiveCfg = Debug|Any CPU
		{E03A4197-BA64-4EED-A628-8DE3B8B9BA9A}.Debug|x86.Build.0 = Debug|Any CPU
		{E03A4197-BA64-4EED-A628-8DE3B8B9BA9A}.Release|Any CPU.ActiveCfg = Release|Any CPU
		{E03A4197-BA64-4EED-A628-8DE3B8B9BA9A}.Release|Any CPU.Build.0 = Release|Any CPU
		{E03A4197-BA64-4EED-A628-8DE3B8B9BA9A}.Release|x86.ActiveCfg = Release|Any CPU
		{E03A4197-BA64-4EED-A628-8DE3B8B9BA9A}.Release|x86.Build.0 = Release|Any CPU
		{A9BED8B3-2F9D-42A8-90BD-9FAE0522EB09}.Debug|Any CPU.ActiveCfg = Debug|Any CPU
		{A9BED8B3-2F9D-42A8-90BD-9FAE0522EB09}.Debug|Any CPU.Build.0 = Debug|Any CPU
		{A9BED8B3-2F9D-42A8-90BD-9FAE0522EB09}.Debug|x86.ActiveCfg = Debug|x86
		{A9BED8B3-2F9D-42A8-90BD-9FAE0522EB09}.Debug|x86.Build.0 = Debug|x86
		{A9BED8B3-2F9D-42A8-90BD-9FAE0522EB09}.Release|Any CPU.ActiveCfg = Release|Any CPU
		{A9BED8B3-2F9D-42A8-90BD-9FAE0522EB09}.Release|Any CPU.Build.0 = Release|Any CPU
		{A9BED8B3-2F9D-42A8-90BD-9FAE0522EB09}.Release|x86.ActiveCfg = Release|x86
		{A9BED8B3-2F9D-42A8-90BD-9FAE0522EB09}.Release|x86.Build.0 = Release|x86
		{33A00A90-C02E-474B-A8C0-3B0559873EA0}.Debug|Any CPU.ActiveCfg = Debug|Any CPU
		{33A00A90-C02E-474B-A8C0-3B0559873EA0}.Debug|Any CPU.Build.0 = Debug|Any CPU
		{33A00A90-C02E-474B-A8C0-3B0559873EA0}.Debug|x86.ActiveCfg = Debug|Any CPU
		{33A00A90-C02E-474B-A8C0-3B0559873EA0}.Debug|x86.Build.0 = Debug|Any CPU
		{33A00A90-C02E-474B-A8C0-3B0559873EA0}.Release|Any CPU.ActiveCfg = Release|Any CPU
		{33A00A90-C02E-474B-A8C0-3B0559873EA0}.Release|Any CPU.Build.0 = Release|Any CPU
		{33A00A90-C02E-474B-A8C0-3B0559873EA0}.Release|x86.ActiveCfg = Release|Any CPU
		{33A00A90-C02E-474B-A8C0-3B0559873EA0}.Release|x86.Build.0 = Release|Any CPU
		{0BFA090D-32E9-4AFB-A4A0-7A5D24095D10}.Debug|Any CPU.ActiveCfg = Debug|Any CPU
		{0BFA090D-32E9-4AFB-A4A0-7A5D24095D10}.Debug|Any CPU.Build.0 = Debug|Any CPU
		{0BFA090D-32E9-4AFB-A4A0-7A5D24095D10}.Debug|x86.ActiveCfg = Debug|Any CPU
		{0BFA090D-32E9-4AFB-A4A0-7A5D24095D10}.Debug|x86.Build.0 = Debug|Any CPU
		{0BFA090D-32E9-4AFB-A4A0-7A5D24095D10}.Release|Any CPU.ActiveCfg = Release|Any CPU
		{0BFA090D-32E9-4AFB-A4A0-7A5D24095D10}.Release|Any CPU.Build.0 = Release|Any CPU
		{0BFA090D-32E9-4AFB-A4A0-7A5D24095D10}.Release|x86.ActiveCfg = Release|Any CPU
		{0BFA090D-32E9-4AFB-A4A0-7A5D24095D10}.Release|x86.Build.0 = Release|Any CPU
		{C33505BD-7481-44D1-9CFC-193BB3F9D92F}.Debug|Any CPU.ActiveCfg = Debug|Any CPU
		{C33505BD-7481-44D1-9CFC-193BB3F9D92F}.Debug|Any CPU.Build.0 = Debug|Any CPU
		{C33505BD-7481-44D1-9CFC-193BB3F9D92F}.Debug|x86.ActiveCfg = Debug|Any CPU
		{C33505BD-7481-44D1-9CFC-193BB3F9D92F}.Debug|x86.Build.0 = Debug|Any CPU
		{C33505BD-7481-44D1-9CFC-193BB3F9D92F}.Release|Any CPU.ActiveCfg = Release|Any CPU
		{C33505BD-7481-44D1-9CFC-193BB3F9D92F}.Release|Any CPU.Build.0 = Release|Any CPU
		{C33505BD-7481-44D1-9CFC-193BB3F9D92F}.Release|x86.ActiveCfg = Release|Any CPU
		{C33505BD-7481-44D1-9CFC-193BB3F9D92F}.Release|x86.Build.0 = Release|Any CPU
		{0B608AD1-FCE4-4D20-BD57-ADE3E8F48661}.Debug|Any CPU.ActiveCfg = Debug|Any CPU
		{0B608AD1-FCE4-4D20-BD57-ADE3E8F48661}.Debug|Any CPU.Build.0 = Debug|Any CPU
		{0B608AD1-FCE4-4D20-BD57-ADE3E8F48661}.Debug|x86.ActiveCfg = Debug|Any CPU
		{0B608AD1-FCE4-4D20-BD57-ADE3E8F48661}.Debug|x86.Build.0 = Debug|Any CPU
		{0B608AD1-FCE4-4D20-BD57-ADE3E8F48661}.Release|Any CPU.ActiveCfg = Release|Any CPU
		{0B608AD1-FCE4-4D20-BD57-ADE3E8F48661}.Release|Any CPU.Build.0 = Release|Any CPU
		{0B608AD1-FCE4-4D20-BD57-ADE3E8F48661}.Release|x86.ActiveCfg = Release|Any CPU
		{0B608AD1-FCE4-4D20-BD57-ADE3E8F48661}.Release|x86.Build.0 = Release|Any CPU
		{9051904F-D391-4C48-B1E4-1112CB0AF23F}.Debug|Any CPU.ActiveCfg = Debug|Any CPU
		{9051904F-D391-4C48-B1E4-1112CB0AF23F}.Debug|Any CPU.Build.0 = Debug|Any CPU
		{9051904F-D391-4C48-B1E4-1112CB0AF23F}.Debug|x86.ActiveCfg = Debug|Any CPU
		{9051904F-D391-4C48-B1E4-1112CB0AF23F}.Debug|x86.Build.0 = Debug|Any CPU
		{9051904F-D391-4C48-B1E4-1112CB0AF23F}.Release|Any CPU.ActiveCfg = Release|Any CPU
		{9051904F-D391-4C48-B1E4-1112CB0AF23F}.Release|Any CPU.Build.0 = Release|Any CPU
		{9051904F-D391-4C48-B1E4-1112CB0AF23F}.Release|x86.ActiveCfg = Release|Any CPU
		{9051904F-D391-4C48-B1E4-1112CB0AF23F}.Release|x86.Build.0 = Release|Any CPU
	EndGlobalSection
	GlobalSection(SolutionProperties) = preSolution
		HideSolutionNode = FALSE
	EndGlobalSection
EndGlobal
